{
  "version": "5",
  "specifiers": {
    "jsr:@std/cli@^1.0.12": "1.0.12",
    "jsr:@std/encoding@^1.0.7": "1.0.7",
    "jsr:@std/fmt@^1.0.5": "1.0.5",
    "jsr:@std/html@^1.0.3": "1.0.3",
    "jsr:@std/http@*": "1.0.13",
    "jsr:@std/media-types@^1.1.0": "1.1.0",
    "jsr:@std/net@^1.0.4": "1.0.4",
    "jsr:@std/path@^1.0.8": "1.0.8",
    "jsr:@std/streams@^1.0.9": "1.0.9"
  },
  "jsr": {
    "@std/cli@1.0.12": {
      "integrity": "e5cfb7814d189da174ecd7a34fbbd63f3513e24a1b307feb2fcd5da47a070d90"
    },
    "@std/encoding@1.0.7": {
      "integrity": "f631247c1698fef289f2de9e2a33d571e46133b38d042905e3eac3715030a82d"
    },
    "@std/fmt@1.0.5": {
      "integrity": "0cfab43364bc36650d83c425cd6d99910fc20c4576631149f0f987eddede1a4d"
    },
    "@std/html@1.0.3": {
      "integrity": "7a0ac35e050431fb49d44e61c8b8aac1ebd55937e0dc9ec6409aa4bab39a7988"
    },
    "@std/http@1.0.13": {
      "integrity": "d29618b982f7ae44380111f7e5b43da59b15db64101198bb5f77100d44eb1e1e",
      "dependencies": [
        "jsr:@std/cli",
        "jsr:@std/encoding",
        "jsr:@std/fmt",
        "jsr:@std/html",
        "jsr:@std/media-types",
        "jsr:@std/net",
        "jsr:@std/path",
        "jsr:@std/streams"
      ]
    },
    "@std/media-types@1.1.0": {
      "integrity": "c9d093f0c05c3512932b330e3cc1fe1d627b301db33a4c2c2185c02471d6eaa4"
    },
    "@std/net@1.0.4": {
      "integrity": "2f403b455ebbccf83d8a027d29c5a9e3a2452fea39bb2da7f2c04af09c8bc852"
    },
    "@std/path@1.0.8": {
      "integrity": "548fa456bb6a04d3c1a1e7477986b6cffbce95102d0bb447c67c4ee70e0364be"
    },
    "@std/streams@1.0.9": {
      "integrity": "a9d26b1988cdd7aa7b1f4b51e1c36c1557f3f252880fa6cc5b9f37078b1a5035"
    }
  },
  "remote": {
    "https://deno.land/x/nano_jsx@v0.0.30/component.ts": "a9526ac725336e8721c05f7b35e07105ec6ed0fcf2e81ae97f0724cc33e61fae",
    "https://deno.land/x/nano_jsx@v0.0.30/components/helmet.ts": "59e598dc79c7b18620de175c61eb26f4aeb6905a6654cd63359208a26471541e",
    "https://deno.land/x/nano_jsx@v0.0.30/components/img.ts": "82a9f830394a7d6cd9b789b48fe1e70bc64eb151c4b410a3da74347c06acdae0",
    "https://deno.land/x/nano_jsx@v0.0.30/components/index.ts": "8855ee8302a9a19f38202d4a7ff5b17e22942600da02356bdfbc80c99c5c55f5",
    "https://deno.land/x/nano_jsx@v0.0.30/components/link.ts": "0f0b1c57dc8c466203105062335e0d9ded89a34e75d08b1bbeece198d42021cb",
    "https://deno.land/x/nano_jsx@v0.0.30/components/router.ts": "a8cd7171774cf7e293e72f562151d020f28dc9f3a31c0887c7e2cee9aaad1feb",
    "https://deno.land/x/nano_jsx@v0.0.30/components/suspense.ts": "0711b7cdcd42b0b085972eca796d3ba7c436a736e1d2ce17db7e0cd1d3b928f5",
    "https://deno.land/x/nano_jsx@v0.0.30/components/visible.ts": "f19487f7faff0bad38a5549f1efac1df351e83ee4a77ca5886412b439f4b6b53",
    "https://deno.land/x/nano_jsx@v0.0.30/context.ts": "a65018beedf3e1863b96f9d99cf2d471c231a6ae0c77877a77754a398105f9fc",
    "https://deno.land/x/nano_jsx@v0.0.30/core.ts": "86242e889d28f1275ca6472b827167d94b978802297d81679d7fa7ab3834954b",
    "https://deno.land/x/nano_jsx@v0.0.30/core.types.ts": "071dba8935df5b9b97e9e7eab9901c39c53c49cadcd3e9126b5c5eeb1d8c3b52",
    "https://deno.land/x/nano_jsx@v0.0.30/customElementsMode.ts": "f5446d3c3afe803a7f97a3434d3970e662f5d0635db79b0e4010e2972ff66a6e",
    "https://deno.land/x/nano_jsx@v0.0.30/fragment.ts": "9cfb0dcdcb02d5cc53f027b4b55609e4f9d6d9322b665292e572856f4b688569",
    "https://deno.land/x/nano_jsx@v0.0.30/helpers.ts": "d904aa646534f1c0cf7c05a6c8e02231f906d962acb725c964aedbcf50216d85",
    "https://deno.land/x/nano_jsx@v0.0.30/htm.ts": "d8d9cd4fb4ad4645bff3698c7eb96e7798022c5519d04e709ebde236edde156b",
    "https://deno.land/x/nano_jsx@v0.0.30/htm/build.ts": "9d6b6eb407c0db2d1213a3f9c82efc66a2bec34c89976132ff13e3e095dcaaaf",
    "https://deno.land/x/nano_jsx@v0.0.30/htm/constants.ts": "3f296f87f03bd0ba8d7673884a1f6c4c927a2774648eaa4fd3ca9e3c46c3f7b8",
    "https://deno.land/x/nano_jsx@v0.0.30/htm/index.ts": "29912b9f7a760884fce79caca82649b9772cfa3c3272e0426a4ce377b67d70d5",
    "https://deno.land/x/nano_jsx@v0.0.30/index.ts": "0f39c911a39c61cb39f9bd8a2481500126dcb1b2a826d5b4523dd47a08b6938d",
    "https://deno.land/x/nano_jsx@v0.0.30/jsx.ts": "7d5b4d4a249fba1a42f2016f54f71ca049d96ff490e098db4a19b2a9b197b952",
    "https://deno.land/x/nano_jsx@v0.0.30/lazy.ts": "f8b8a2b915daff1fb70704ffad5171c805f1e28778b5cd0f8c827780762776c4",
    "https://deno.land/x/nano_jsx@v0.0.30/mod.ts": "3dda2bc0dbee9abd01c03acf43ab55a7854952afe0450245fc2ad12eb9bd9598",
    "https://deno.land/x/nano_jsx@v0.0.30/regexDom.ts": "6eaf48bbf3ff57e093a8923d59c76a717bb059e5316c78fc89a21e6401980d86",
    "https://deno.land/x/nano_jsx@v0.0.30/ssr.ts": "8f77228a7ed13990deba0c1a69d7d3f2902c837b62d24f5b7a019f84c96ad234",
    "https://deno.land/x/nano_jsx@v0.0.30/state.ts": "cfc6ca6eb5e65f4cd60717a0a96ce604053bacf6e0b8835afbe22327e9979a1b",
    "https://deno.land/x/nano_jsx@v0.0.30/store.ts": "653e8c53d6ed4e410c76b1a7a044aa7cc71ff00fb3af9f3a94253591b5f4dcea",
    "https://deno.land/x/nano_jsx@v0.0.30/version.ts": "f7d48f0b75f40e671d2149eef01ca1c59de528c73bbc4644186c02598d31aee9",
    "https://deno.land/x/nano_jsx@v0.0.30/withStyles.ts": "8aae4c8e79319fe991d49dd8ccc927c221786dfe58de640dba9d9885ce0dd4b7",
    "https://esm.sh/*@twind/typography@0.0.2": "eb8b14de18eb177f8038784338668c369c1008065812637fa9adabf9dcbf1053",
    "https://esm.sh/twind@0.16.16": "638f6fedc496ecb6bb6280be885145ab9bab0eee23478bace6018c7b28a4cd76",
    "https://esm.sh/twind@0.16.16/colors.mjs": "10636798cdd1836983d35257255971d8ef57564b36a3d93d194bc42ba53886e7",
    "https://esm.sh/twind@0.16.16/shim/server": "62b26e4bd36c3ece6aab88884272cb259f3600ff7304470b9b08f33236e410ca",
    "https://esm.sh/v135/@twind/typography@0.0.2/X-ZS8q/denonext/typography.mjs": "c9b538969052499e97ff399c38d97d7eeea3014ddb9f2abf11d22f146198a2e4",
    "https://esm.sh/v135/entities@2.2.0/denonext/lib/decode_codepoint.js": "68b6cbd2b5c122b862e414cd9c3a01af2bff35d3d7b1dd2089f4ffcef5a2f5c2",
    "https://esm.sh/v135/htmlparser2@6.1.0/denonext/lib/Tokenizer.js": "d4bbc77c37f254f47cce9509abe6f94f1dd4aeb19a95baa0f9852ad7047ed1d7",
    "https://esm.sh/v135/style-vendorizer@2.2.3/denonext/style-vendorizer.mjs": "121455e7b04b631ef6463ce63cdcd29febd74d88c37713c774ceca8a1561c83d",
    "https://esm.sh/v135/twind@0.16.16/denonext/colors.js": "06bfff4da409e0ef89edadb94ca3a624fcf99d781f323f9a9d18e175362dbb1c",
    "https://esm.sh/v135/twind@0.16.16/denonext/sheets.js": "aff2004484fdf713c8d39492ce89ffd0d8f1fabf48fdb44e19d78948fecfa9aa",
    "https://esm.sh/v135/twind@0.16.16/denonext/shim/server.js": "85e6507b0349a6a12a42eb81a28225345e13b384ef7dfb5a136d429471f9b2ef",
    "https://esm.sh/v135/twind@0.16.16/denonext/twind.mjs": "857319af660b8bae96d20737a4f9a9b4ce909fcb47e0552abd559216824fe795"
  }
}
